// !$*UTF8*$!
{
	archiveVersion = 1;
	classes = {
	};
	objectVersion = 48;
	objects = {

/* Begin PBXBuildFile section */
		DF61CFF22368D5B400B8268F /* NumberGenerators.cpp in Sources */ = {isa = PBXBuildFile; fileRef = DF61CFF02368D5B400B8268F /* NumberGenerators.cpp */; };
		DF61CFF32368D5B400B8268F /* NumberGenerators.hpp in Headers */ = {isa = PBXBuildFile; fileRef = DF61CFF12368D5B400B8268F /* NumberGenerators.hpp */; };
		DF887508236EF1FE00068F9F /* main.cpp in Sources */ = {isa = PBXBuildFile; fileRef = DF887507236EF1FE00068F9F /* main.cpp */; };
		DF887511236F085300068F9F /* libAleatoricCompositionTools.a in Frameworks */ = {isa = PBXBuildFile; fileRef = DF71916F2368CDF600803C13 /* libAleatoricCompositionTools.a */; };
		DFE91F59236C9E7F008DAF76 /* NumberGenerators.hpp in CopyFiles */ = {isa = PBXBuildFile; fileRef = DF61CFF12368D5B400B8268F /* NumberGenerators.hpp */; };
/* End PBXBuildFile section */

/* Begin PBXContainerItemProxy section */
		DF88750E236F084600068F9F /* PBXContainerItemProxy */ = {
			isa = PBXContainerItemProxy;
			containerPortal = DF7191672368CDF600803C13 /* Project object */;
			proxyType = 1;
			remoteGlobalIDString = DF71916E2368CDF600803C13;
			remoteInfo = AleatoricCompositionTools;
		};
/* End PBXContainerItemProxy section */

/* Begin PBXCopyFilesBuildPhase section */
		DF887503236EF1FE00068F9F /* CopyFiles */ = {
			isa = PBXCopyFilesBuildPhase;
			buildActionMask = 2147483647;
			dstPath = /usr/share/man/man1/;
			dstSubfolderSpec = 0;
			files = (
			);
			runOnlyForDeploymentPostprocessing = 1;
		};
		DFE91F57236C9C30008DAF76 /* CopyFiles */ = {
			isa = PBXCopyFilesBuildPhase;
			buildActionMask = 2147483647;
			dstPath = include/actlib;
			dstSubfolderSpec = 16;
			files = (
				DFE91F59236C9E7F008DAF76 /* NumberGenerators.hpp in CopyFiles */,
			);
			runOnlyForDeploymentPostprocessing = 0;
		};
/* End PBXCopyFilesBuildPhase section */

/* Begin PBXFileReference section */
		DF61CFEA2368D09300B8268F /* README.md */ = {isa = PBXFileReference; fileEncoding = 4; lastKnownFileType = net.daringfireball.markdown; path = README.md; sourceTree = "<group>"; };
		DF61CFF02368D5B400B8268F /* NumberGenerators.cpp */ = {isa = PBXFileReference; lastKnownFileType = sourcecode.cpp.cpp; path = NumberGenerators.cpp; sourceTree = "<group>"; };
		DF61CFF12368D5B400B8268F /* NumberGenerators.hpp */ = {isa = PBXFileReference; lastKnownFileType = sourcecode.cpp.h; path = NumberGenerators.hpp; sourceTree = "<group>"; };
		DF71916F2368CDF600803C13 /* libAleatoricCompositionTools.a */ = {isa = PBXFileReference; explicitFileType = archive.ar; includeInIndex = 0; path = libAleatoricCompositionTools.a; sourceTree = BUILT_PRODUCTS_DIR; };
		DF887505236EF1FE00068F9F /* TestACT */ = {isa = PBXFileReference; explicitFileType = "compiled.mach-o.executable"; includeInIndex = 0; path = TestACT; sourceTree = BUILT_PRODUCTS_DIR; };
		DF887507236EF1FE00068F9F /* main.cpp */ = {isa = PBXFileReference; lastKnownFileType = sourcecode.cpp.cpp; path = main.cpp; sourceTree = "<group>"; };
		DF88750D236EF2C500068F9F /* catch.hpp */ = {isa = PBXFileReference; fileEncoding = 4; lastKnownFileType = sourcecode.cpp.h; path = catch.hpp; sourceTree = "<group>"; };
		DF887516236F25D300068F9F /* fakeit.hpp */ = {isa = PBXFileReference; lastKnownFileType = sourcecode.cpp.h; path = fakeit.hpp; sourceTree = "<group>"; };
/* End PBXFileReference section */

/* Begin PBXFrameworksBuildPhase section */
		DF71916C2368CDF600803C13 /* Frameworks */ = {
			isa = PBXFrameworksBuildPhase;
			buildActionMask = 2147483647;
			files = (
			);
			runOnlyForDeploymentPostprocessing = 0;
		};
		DF887502236EF1FE00068F9F /* Frameworks */ = {
			isa = PBXFrameworksBuildPhase;
			buildActionMask = 2147483647;
			files = (
				DF887511236F085300068F9F /* libAleatoricCompositionTools.a in Frameworks */,
			);
			runOnlyForDeploymentPostprocessing = 0;
		};
/* End PBXFrameworksBuildPhase section */

/* Begin PBXGroup section */
		DF61CFEB2368D09300B8268F /* source */ = {
			isa = PBXGroup;
			children = (
				DF61CFF02368D5B400B8268F /* NumberGenerators.cpp */,
			);
			path = source;
			sourceTree = "<group>";
		};
		DF61CFEE2368D09300B8268F /* include */ = {
			isa = PBXGroup;
			children = (
				DF61CFEF2368D09300B8268F /* actlib */,
			);
			path = include;
			sourceTree = "<group>";
		};
		DF61CFEF2368D09300B8268F /* actlib */ = {
			isa = PBXGroup;
			children = (
				DF61CFF12368D5B400B8268F /* NumberGenerators.hpp */,
			);
			path = actlib;
			sourceTree = "<group>";
		};
		DF7191662368CDF600803C13 = {
			isa = PBXGroup;
			children = (
				DF61CFEE2368D09300B8268F /* include */,
				DF61CFEA2368D09300B8268F /* README.md */,
				DF61CFEB2368D09300B8268F /* source */,
				DF887506236EF1FE00068F9F /* tests */,
				DF7191702368CDF600803C13 /* Products */,
				DF887510236F085300068F9F /* Frameworks */,
			);
			sourceTree = "<group>";
		};
		DF7191702368CDF600803C13 /* Products */ = {
			isa = PBXGroup;
			children = (
				DF71916F2368CDF600803C13 /* libAleatoricCompositionTools.a */,
				DF887505236EF1FE00068F9F /* TestACT */,
			);
			name = Products;
			sourceTree = "<group>";
		};
		DF887506236EF1FE00068F9F /* tests */ = {
			isa = PBXGroup;
			children = (
				DF887513236F258300068F9F /* FakeIt */,
				DF88750D236EF2C500068F9F /* catch.hpp */,
				DF887507236EF1FE00068F9F /* main.cpp */,
			);
			path = tests;
			sourceTree = "<group>";
		};
		DF887510236F085300068F9F /* Frameworks */ = {
			isa = PBXGroup;
			children = (
			);
			name = Frameworks;
			sourceTree = "<group>";
		};
		DF887513236F258300068F9F /* FakeIt */ = {
			isa = PBXGroup;
			children = (
				DF887514236F258300068F9F /* single_header */,
			);
			path = FakeIt;
			sourceTree = "<group>";
		};
		DF887514236F258300068F9F /* single_header */ = {
			isa = PBXGroup;
			children = (
				DF887515236F25AF00068F9F /* catch */,
			);
			path = single_header;
			sourceTree = "<group>";
		};
		DF887515236F25AF00068F9F /* catch */ = {
			isa = PBXGroup;
			children = (
				DF887516236F25D300068F9F /* fakeit.hpp */,
			);
			path = catch;
			sourceTree = "<group>";
		};
/* End PBXGroup section */

/* Begin PBXHeadersBuildPhase section */
		DF71916D2368CDF600803C13 /* Headers */ = {
			isa = PBXHeadersBuildPhase;
			buildActionMask = 2147483647;
			files = (
				DF61CFF32368D5B400B8268F /* NumberGenerators.hpp in Headers */,
			);
			runOnlyForDeploymentPostprocessing = 0;
		};
/* End PBXHeadersBuildPhase section */

/* Begin PBXNativeTarget section */
		DF71916E2368CDF600803C13 /* AleatoricCompositionTools */ = {
			isa = PBXNativeTarget;
			buildConfigurationList = DF71917A2368CDF600803C13 /* Build configuration list for PBXNativeTarget "AleatoricCompositionTools" */;
			buildPhases = (
				DF71916B2368CDF600803C13 /* Sources */,
				DF71916C2368CDF600803C13 /* Frameworks */,
				DF71916D2368CDF600803C13 /* Headers */,
				DFE91F57236C9C30008DAF76 /* CopyFiles */,
			);
			buildRules = (
			);
			dependencies = (
			);
			name = AleatoricCompositionTools;
			productName = AleatoricCompositionTools;
			productReference = DF71916F2368CDF600803C13 /* libAleatoricCompositionTools.a */;
			productType = "com.apple.product-type.library.static";
		};
		DF887504236EF1FE00068F9F /* TestACT */ = {
			isa = PBXNativeTarget;
			buildConfigurationList = DF88750B236EF1FE00068F9F /* Build configuration list for PBXNativeTarget "TestACT" */;
			buildPhases = (
				DF887501236EF1FE00068F9F /* Sources */,
				DF887502236EF1FE00068F9F /* Frameworks */,
				DF887503236EF1FE00068F9F /* CopyFiles */,
			);
			buildRules = (
			);
			dependencies = (
				DF88750F236F084600068F9F /* PBXTargetDependency */,
			);
			name = TestACT;
			productName = TestACT;
			productReference = DF887505236EF1FE00068F9F /* TestACT */;
			productType = "com.apple.product-type.tool";
		};
/* End PBXNativeTarget section */

/* Begin PBXProject section */
		DF7191672368CDF600803C13 /* Project object */ = {
			isa = PBXProject;
			attributes = {
				LastUpgradeCheck = 0920;
				ORGANIZATIONNAME = "Simon Pratt";
				TargetAttributes = {
					DF71916E2368CDF600803C13 = {
						CreatedOnToolsVersion = 9.2;
						ProvisioningStyle = Automatic;
					};
					DF887504236EF1FE00068F9F = {
						CreatedOnToolsVersion = 9.2;
						ProvisioningStyle = Automatic;
					};
				};
			};
			buildConfigurationList = DF71916A2368CDF600803C13 /* Build configuration list for PBXProject "AleatoricCompositionTools" */;
			compatibilityVersion = "Xcode 8.0";
			developmentRegion = en;
			hasScannedForEncodings = 0;
			knownRegions = (
				en,
			);
			mainGroup = DF7191662368CDF600803C13;
			productRefGroup = DF7191702368CDF600803C13 /* Products */;
			projectDirPath = "";
			projectRoot = "";
			targets = (
				DF71916E2368CDF600803C13 /* AleatoricCompositionTools */,
				DF887504236EF1FE00068F9F /* TestACT */,
			);
		};
/* End PBXProject section */

/* Begin PBXSourcesBuildPhase section */
		DF71916B2368CDF600803C13 /* Sources */ = {
			isa = PBXSourcesBuildPhase;
			buildActionMask = 2147483647;
			files = (
				DF61CFF22368D5B400B8268F /* NumberGenerators.cpp in Sources */,
			);
			runOnlyForDeploymentPostprocessing = 0;
		};
		DF887501236EF1FE00068F9F /* Sources */ = {
			isa = PBXSourcesBuildPhase;
			buildActionMask = 2147483647;
			files = (
				DF887508236EF1FE00068F9F /* main.cpp in Sources */,
			);
			runOnlyForDeploymentPostprocessing = 0;
		};
/* End PBXSourcesBuildPhase section */

/* Begin PBXTargetDependency section */
		DF88750F236F084600068F9F /* PBXTargetDependency */ = {
			isa = PBXTargetDependency;
			target = DF71916E2368CDF600803C13 /* AleatoricCompositionTools */;
			targetProxy = DF88750E236F084600068F9F /* PBXContainerItemProxy */;
		};
/* End PBXTargetDependency section */

/* Begin XCBuildConfiguration section */
		DF7191782368CDF600803C13 /* Debug */ = {
			isa = XCBuildConfiguration;
			buildSettings = {
				ALWAYS_SEARCH_USER_PATHS = NO;
				CLANG_ANALYZER_NONNULL = YES;
				CLANG_ANALYZER_NUMBER_OBJECT_CONVERSION = YES_AGGRESSIVE;
				CLANG_CXX_LANGUAGE_STANDARD = "gnu++14";
				CLANG_CXX_LIBRARY = "libc++";
				CLANG_ENABLE_MODULES = YES;
				CLANG_ENABLE_OBJC_ARC = YES;
				CLANG_WARN_BLOCK_CAPTURE_AUTORELEASING = YES;
				CLANG_WARN_BOOL_CONVERSION = YES;
				CLANG_WARN_COMMA = YES;
				CLANG_WARN_CONSTANT_CONVERSION = YES;
				CLANG_WARN_DIRECT_OBJC_ISA_USAGE = YES_ERROR;
				CLANG_WARN_DOCUMENTATION_COMMENTS = YES;
				CLANG_WARN_EMPTY_BODY = YES;
				CLANG_WARN_ENUM_CONVERSION = YES;
				CLANG_WARN_INFINITE_RECURSION = YES;
				CLANG_WARN_INT_CONVERSION = YES;
				CLANG_WARN_NON_LITERAL_NULL_CONVERSION = YES;
				CLANG_WARN_OBJC_LITERAL_CONVERSION = YES;
				CLANG_WARN_OBJC_ROOT_CLASS = YES_ERROR;
				CLANG_WARN_RANGE_LOOP_ANALYSIS = YES;
				CLANG_WARN_STRICT_PROTOTYPES = YES;
				CLANG_WARN_SUSPICIOUS_MOVE = YES;
				CLANG_WARN_UNGUARDED_AVAILABILITY = YES_AGGRESSIVE;
				CLANG_WARN_UNREACHABLE_CODE = YES;
				CLANG_WARN__DUPLICATE_METHOD_MATCH = YES;
				CODE_SIGN_IDENTITY = "-";
				COPY_PHASE_STRIP = NO;
				DEBUG_INFORMATION_FORMAT = dwarf;
				ENABLE_STRICT_OBJC_MSGSEND = YES;
				ENABLE_TESTABILITY = YES;
				GCC_C_LANGUAGE_STANDARD = gnu11;
				GCC_DYNAMIC_NO_PIC = NO;
				GCC_NO_COMMON_BLOCKS = YES;
				GCC_OPTIMIZATION_LEVEL = 0;
				GCC_PREPROCESSOR_DEFINITIONS = (
					"DEBUG=1",
					"$(inherited)",
				);
				GCC_WARN_64_TO_32_BIT_CONVERSION = YES;
				GCC_WARN_ABOUT_RETURN_TYPE = YES_ERROR;
				GCC_WARN_UNDECLARED_SELECTOR = YES;
				GCC_WARN_UNINITIALIZED_AUTOS = YES_AGGRESSIVE;
				GCC_WARN_UNUSED_FUNCTION = YES;
				GCC_WARN_UNUSED_VARIABLE = YES;
				MACOSX_DEPLOYMENT_TARGET = 10.12;
				MTL_ENABLE_DEBUG_INFO = YES;
				ONLY_ACTIVE_ARCH = YES;
				SDKROOT = macosx;
			};
			name = Debug;
		};
		DF7191792368CDF600803C13 /* Release */ = {
			isa = XCBuildConfiguration;
			buildSettings = {
				ALWAYS_SEARCH_USER_PATHS = NO;
				CLANG_ANALYZER_NONNULL = YES;
				CLANG_ANALYZER_NUMBER_OBJECT_CONVERSION = YES_AGGRESSIVE;
				CLANG_CXX_LANGUAGE_STANDARD = "gnu++14";
				CLANG_CXX_LIBRARY = "libc++";
				CLANG_ENABLE_MODULES = YES;
				CLANG_ENABLE_OBJC_ARC = YES;
				CLANG_WARN_BLOCK_CAPTURE_AUTORELEASING = YES;
				CLANG_WARN_BOOL_CONVERSION = YES;
				CLANG_WARN_COMMA = YES;
				CLANG_WARN_CONSTANT_CONVERSION = YES;
				CLANG_WARN_DIRECT_OBJC_ISA_USAGE = YES_ERROR;
				CLANG_WARN_DOCUMENTATION_COMMENTS = YES;
				CLANG_WARN_EMPTY_BODY = YES;
				CLANG_WARN_ENUM_CONVERSION = YES;
				CLANG_WARN_INFINITE_RECURSION = YES;
				CLANG_WARN_INT_CONVERSION = YES;
				CLANG_WARN_NON_LITERAL_NULL_CONVERSION = YES;
				CLANG_WARN_OBJC_LITERAL_CONVERSION = YES;
				CLANG_WARN_OBJC_ROOT_CLASS = YES_ERROR;
				CLANG_WARN_RANGE_LOOP_ANALYSIS = YES;
				CLANG_WARN_STRICT_PROTOTYPES = YES;
				CLANG_WARN_SUSPICIOUS_MOVE = YES;
				CLANG_WARN_UNGUARDED_AVAILABILITY = YES_AGGRESSIVE;
				CLANG_WARN_UNREACHABLE_CODE = YES;
				CLANG_WARN__DUPLICATE_METHOD_MATCH = YES;
				CODE_SIGN_IDENTITY = "-";
				COPY_PHASE_STRIP = NO;
				DEBUG_INFORMATION_FORMAT = "dwarf-with-dsym";
				ENABLE_NS_ASSERTIONS = NO;
				ENABLE_STRICT_OBJC_MSGSEND = YES;
				GCC_C_LANGUAGE_STANDARD = gnu11;
				GCC_NO_COMMON_BLOCKS = YES;
				GCC_WARN_64_TO_32_BIT_CONVERSION = YES;
				GCC_WARN_ABOUT_RETURN_TYPE = YES_ERROR;
				GCC_WARN_UNDECLARED_SELECTOR = YES;
				GCC_WARN_UNINITIALIZED_AUTOS = YES_AGGRESSIVE;
				GCC_WARN_UNUSED_FUNCTION = YES;
				GCC_WARN_UNUSED_VARIABLE = YES;
				MACOSX_DEPLOYMENT_TARGET = 10.12;
				MTL_ENABLE_DEBUG_INFO = NO;
				SDKROOT = macosx;
			};
			name = Release;
		};
		DF71917B2368CDF600803C13 /* Debug */ = {
			isa = XCBuildConfiguration;
			buildSettings = {
				CLANG_CXX_LANGUAGE_STANDARD = "c++17";
				CODE_SIGN_STYLE = Automatic;
				EXECUTABLE_PREFIX = lib;
				GCC_ENABLE_CPP_EXCEPTIONS = YES;
				GCC_ENABLE_CPP_RTTI = YES;
				GCC_INLINES_ARE_PRIVATE_EXTERN = NO;
				HEADER_SEARCH_PATHS = (
					/usr/local/include,
					$SRCROOT/include/actlib,
				);
				LIBRARY_SEARCH_PATHS = /usr/local/lib;
				PRODUCT_NAME = "$(TARGET_NAME)";
				WARNING_CFLAGS = (
					"-Wextra",
					"-Wall",
				);
			};
			name = Debug;
		};
		DF71917C2368CDF600803C13 /* Release */ = {
			isa = XCBuildConfiguration;
			buildSettings = {
				CLANG_CXX_LANGUAGE_STANDARD = "c++17";
				CODE_SIGN_STYLE = Automatic;
				EXECUTABLE_PREFIX = lib;
				GCC_ENABLE_CPP_EXCEPTIONS = YES;
				GCC_ENABLE_CPP_RTTI = YES;
				GCC_INLINES_ARE_PRIVATE_EXTERN = NO;
				HEADER_SEARCH_PATHS = (
					/usr/local/include,
					$SRCROOT/include/actlib,
				);
				LIBRARY_SEARCH_PATHS = /usr/local/lib;
				PRODUCT_NAME = "$(TARGET_NAME)";
				WARNING_CFLAGS = (
					"-Wextra",
					"-Wall",
				);
			};
			name = Release;
		};
		DF887509236EF1FE00068F9F /* Debug */ = {
			isa = XCBuildConfiguration;
			buildSettings = {
				CODE_SIGN_STYLE = Automatic;
				HEADER_SEARCH_PATHS = "";
				PRODUCT_NAME = "$(TARGET_NAME)";
			};
			name = Debug;
		};
		DF88750A236EF1FE00068F9F /* Release */ = {
			isa = XCBuildConfiguration;
			buildSettings = {
				CODE_SIGN_STYLE = Automatic;
				HEADER_SEARCH_PATHS = "";
				PRODUCT_NAME = "$(TARGET_NAME)";
			};
			name = Release;
		};
/* End XCBuildConfiguration section */

/* Begin XCConfigurationList section */
		DF71916A2368CDF600803C13 /* Build configuration list for PBXProject "AleatoricCompositionTools" */ = {
			isa = XCConfigurationList;
			buildConfigurations = (
				DF7191782368CDF600803C13 /* Debug */,
				DF7191792368CDF600803C13 /* Release */,
			);
			defaultConfigurationIsVisible = 0;
			defaultConfigurationName = Release;
		};
		DF71917A2368CDF600803C13 /* Build configuration list for PBXNativeTarget "AleatoricCompositionTools" */ = {
			isa = XCConfigurationList;
			buildConfigurations = (
				DF71917B2368CDF600803C13 /* Debug */,
				DF71917C2368CDF600803C13 /* Release */,
			);
			defaultConfigurationIsVisible = 0;
			defaultConfigurationName = Release;
		};
		DF88750B236EF1FE00068F9F /* Build configuration list for PBXNativeTarget "TestACT" */ = {
			isa = XCConfigurationList;
			buildConfigurations = (
				DF887509236EF1FE00068F9F /* Debug */,
				DF88750A236EF1FE00068F9F /* Release */,
			);
			defaultConfigurationIsVisible = 0;
			defaultConfigurationName = Release;
		};
/* End XCConfigurationList section */
	};
	rootObject = DF7191672368CDF600803C13 /* Project object */;
}
